
Microsoft Visual Studio Solution File, Format Version 12.00
# Visual Studio Version 16
VisualStudioVersion = 16.0.31112.23
MinimumVisualStudioVersion = 10.0.40219.1
Project("{D2ABAB84-BF74-430A-B69E-9DC6D40DDA17}") = "Covid19Datawarehouse", "Covid19Datawarehouse\Covid19Datawarehouse.dwproj", "{10F98B62-95D2-47DE-9527-608A374F9CE8}"
EndProject
Global
	GlobalSection(SolutionConfigurationPlatforms) = preSolution
		Development|Default = Development|Default
	EndGlobalSection
	GlobalSection(ProjectConfigurationPlatforms) = postSolution
		{10F98B62-95D2-47DE-9527-608A374F9CE8}.Development|Default.ActiveCfg = Development
		{10F98B62-95D2-47DE-9527-608A374F9CE8}.Development|Default.Build.0 = Development
		{10F98B62-95D2-47DE-9527-608A374F9CE8}.Development|Default.Deploy.0 = Development
	EndGlobalSection
	GlobalSection(SolutionProperties) = preSolution
		HideSolutionNode = FALSE
	EndGlobalSection
	GlobalSection(ExtensibilityGlobals) = postSolution
		SolutionGuid = {7B2FC524-4CD6-41BC-9D7A-F345CF5E3E69}
	EndGlobalSection
EndGlobal
